
Microsoft Visual Studio Solution File, Format Version 12.00
# Visual Studio 15
VisualStudioVersion = 15.0.26730.16
MinimumVisualStudioVersion = 10.0.40219.1
Project("{FAE04EC0-301F-11D3-BF4B-00C04F79EFBC}") = "BookCollection.Core", "BookCollection.Core\BookCollection.Core.csproj", "{11615E86-FF87-49CA-B7B9-B866CA4897C3}"
EndProject
Project("{FAE04EC0-301F-11D3-BF4B-00C04F79EFBC}") = "BookCollection.Repository", "BookCollection.Repository\BookCollection.Repository.csproj", "{A8F1CA4A-1999-4032-91B8-AC518EF83F5E}"
EndProject
Project("{FAE04EC0-301F-11D3-BF4B-00C04F79EFBC}") = "BookCollection.Service", "BookCollection.Service\BookCollection.Service.csproj", "{2CE5B935-3DE9-41D3-98BD-4D9E12786F45}"
EndProject
Project("{E24C65DC-7377-472B-9ABA-BC803B73C61A}") = "bookcollection", "bookcollection\", "{DD893A2A-9D19-4045-8777-9BF2D4E886CF}"
	ProjectSection(WebsiteProperties) = preProject
		TargetFrameworkMoniker = ".NETFramework,Version%3Dv4.0"
		Debug.AspNetCompiler.VirtualPath = "/localhost_57014"
		Debug.AspNetCompiler.PhysicalPath = "bookcollection\"
		Debug.AspNetCompiler.TargetPath = "PrecompiledWeb\localhost_57014\"
		Debug.AspNetCompiler.Updateable = "true"
		Debug.AspNetCompiler.ForceOverwrite = "true"
		Debug.AspNetCompiler.FixedNames = "false"
		Debug.AspNetCompiler.Debug = "True"
		Release.AspNetCompiler.VirtualPath = "/localhost_57014"
		Release.AspNetCompiler.PhysicalPath = "bookcollection\"
		Release.AspNetCompiler.TargetPath = "PrecompiledWeb\localhost_57014\"
		Release.AspNetCompiler.Updateable = "true"
		Release.AspNetCompiler.ForceOverwrite = "true"
		Release.AspNetCompiler.FixedNames = "false"
		Release.AspNetCompiler.Debug = "False"
		VWDPort = "57014"
		SlnRelativePath = "bookcollection\"
	EndProjectSection
EndProject
Global
	GlobalSection(SolutionConfigurationPlatforms) = preSolution
		Ad-Hoc|Any CPU = Ad-Hoc|Any CPU
		Ad-Hoc|ARM = Ad-Hoc|ARM
		Ad-Hoc|iPhone = Ad-Hoc|iPhone
		Ad-Hoc|iPhoneSimulator = Ad-Hoc|iPhoneSimulator
		Ad-Hoc|x64 = Ad-Hoc|x64
		Ad-Hoc|x86 = Ad-Hoc|x86
		AppStore|Any CPU = AppStore|Any CPU
		AppStore|ARM = AppStore|ARM
		AppStore|iPhone = AppStore|iPhone
		AppStore|iPhoneSimulator = AppStore|iPhoneSimulator
		AppStore|x64 = AppStore|x64
		AppStore|x86 = AppStore|x86
		Debug|Any CPU = Debug|Any CPU
		Debug|ARM = Debug|ARM
		Debug|iPhone = Debug|iPhone
		Debug|iPhoneSimulator = Debug|iPhoneSimulator
		Debug|x64 = Debug|x64
		Debug|x86 = Debug|x86
		Release|Any CPU = Release|Any CPU
		Release|ARM = Release|ARM
		Release|iPhone = Release|iPhone
		Release|iPhoneSimulator = Release|iPhoneSimulator
		Release|x64 = Release|x64
		Release|x86 = Release|x86
	EndGlobalSection
	GlobalSection(ProjectConfigurationPlatforms) = postSolution
		{11615E86-FF87-49CA-B7B9-B866CA4897C3}.Ad-Hoc|Any CPU.ActiveCfg = Release|Any CPU
		{11615E86-FF87-49CA-B7B9-B866CA4897C3}.Ad-Hoc|Any CPU.Build.0 = Release|Any CPU
		{11615E86-FF87-49CA-B7B9-B866CA4897C3}.Ad-Hoc|ARM.ActiveCfg = Release|Any CPU
		{11615E86-FF87-49CA-B7B9-B866CA4897C3}.Ad-Hoc|ARM.Build.0 = Release|Any CPU
		{11615E86-FF87-49CA-B7B9-B866CA4897C3}.Ad-Hoc|iPhone.ActiveCfg = Release|Any CPU
		{11615E86-FF87-49CA-B7B9-B866CA4897C3}.Ad-Hoc|iPhone.Build.0 = Release|Any CPU
		{11615E86-FF87-49CA-B7B9-B866CA4897C3}.Ad-Hoc|iPhoneSimulator.ActiveCfg = Release|Any CPU
		{11615E86-FF87-49CA-B7B9-B866CA4897C3}.Ad-Hoc|iPhoneSimulator.Build.0 = Release|Any CPU
		{11615E86-FF87-49CA-B7B9-B866CA4897C3}.Ad-Hoc|x64.ActiveCfg = Release|Any CPU
		{11615E86-FF87-49CA-B7B9-B866CA4897C3}.Ad-Hoc|x64.Build.0 = Release|Any CPU
		{11615E86-FF87-49CA-B7B9-B866CA4897C3}.Ad-Hoc|x86.ActiveCfg = Release|Any CPU
		{11615E86-FF87-49CA-B7B9-B866CA4897C3}.Ad-Hoc|x86.Build.0 = Release|Any CPU
		{11615E86-FF87-49CA-B7B9-B866CA4897C3}.AppStore|Any CPU.ActiveCfg = Release|Any CPU
		{11615E86-FF87-49CA-B7B9-B866CA4897C3}.AppStore|Any CPU.Build.0 = Release|Any CPU
		{11615E86-FF87-49CA-B7B9-B866CA4897C3}.AppStore|ARM.ActiveCfg = Release|Any CPU
		{11615E86-FF87-49CA-B7B9-B866CA4897C3}.AppStore|ARM.Build.0 = Release|Any CPU
		{11615E86-FF87-49CA-B7B9-B866CA4897C3}.AppStore|iPhone.ActiveCfg = Release|Any CPU
		{11615E86-FF87-49CA-B7B9-B866CA4897C3}.AppStore|iPhone.Build.0 = Release|Any CPU
		{11615E86-FF87-49CA-B7B9-B866CA4897C3}.AppStore|iPhoneSimulator.ActiveCfg = Release|Any CPU
		{11615E86-FF87-49CA-B7B9-B866CA4897C3}.AppStore|iPhoneSimulator.Build.0 = Release|Any CPU
		{11615E86-FF87-49CA-B7B9-B866CA4897C3}.AppStore|x64.ActiveCfg = Release|Any CPU
		{11615E86-FF87-49CA-B7B9-B866CA4897C3}.AppStore|x64.Build.0 = Release|Any CPU
		{11615E86-FF87-49CA-B7B9-B866CA4897C3}.AppStore|x86.ActiveCfg = Release|Any CPU
		{11615E86-FF87-49CA-B7B9-B866CA4897C3}.AppStore|x86.Build.0 = Release|Any CPU
		{11615E86-FF87-49CA-B7B9-B866CA4897C3}.Debug|Any CPU.ActiveCfg = Debug|Any CPU
		{11615E86-FF87-49CA-B7B9-B866CA4897C3}.Debug|Any CPU.Build.0 = Debug|Any CPU
		{11615E86-FF87-49CA-B7B9-B866CA4897C3}.Debug|ARM.ActiveCfg = Debug|Any CPU
		{11615E86-FF87-49CA-B7B9-B866CA4897C3}.Debug|ARM.Build.0 = Debug|Any CPU
		{11615E86-FF87-49CA-B7B9-B866CA4897C3}.Debug|iPhone.ActiveCfg = Debug|Any CPU
		{11615E86-FF87-49CA-B7B9-B866CA4897C3}.Debug|iPhone.Build.0 = Debug|Any CPU
		{11615E86-FF87-49CA-B7B9-B866CA4897C3}.Debug|iPhoneSimulator.ActiveCfg = Debug|Any CPU
		{11615E86-FF87-49CA-B7B9-B866CA4897C3}.Debug|iPhoneSimulator.Build.0 = Debug|Any CPU
		{11615E86-FF87-49CA-B7B9-B866CA4897C3}.Debug|x64.ActiveCfg = Debug|Any CPU
		{11615E86-FF87-49CA-B7B9-B866CA4897C3}.Debug|x64.Build.0 = Debug|Any CPU
		{11615E86-FF87-49CA-B7B9-B866CA4897C3}.Debug|x86.ActiveCfg = Debug|Any CPU
		{11615E86-FF87-49CA-B7B9-B866CA4897C3}.Debug|x86.Build.0 = Debug|Any CPU
		{11615E86-FF87-49CA-B7B9-B866CA4897C3}.Release|Any CPU.ActiveCfg = Release|Any CPU
		{11615E86-FF87-49CA-B7B9-B866CA4897C3}.Release|Any CPU.Build.0 = Release|Any CPU
		{11615E86-FF87-49CA-B7B9-B866CA4897C3}.Release|ARM.ActiveCfg = Release|Any CPU
		{11615E86-FF87-49CA-B7B9-B866CA4897C3}.Release|ARM.Build.0 = Release|Any CPU
		{11615E86-FF87-49CA-B7B9-B866CA4897C3}.Release|iPhone.ActiveCfg = Release|Any CPU
		{11615E86-FF87-49CA-B7B9-B866CA4897C3}.Release|iPhone.Build.0 = Release|Any CPU
		{11615E86-FF87-49CA-B7B9-B866CA4897C3}.Release|iPhoneSimulator.ActiveCfg = Release|Any CPU
		{11615E86-FF87-49CA-B7B9-B866CA4897C3}.Release|iPhoneSimulator.Build.0 = Release|Any CPU
		{11615E86-FF87-49CA-B7B9-B866CA4897C3}.Release|x64.ActiveCfg = Release|Any CPU
		{11615E86-FF87-49CA-B7B9-B866CA4897C3}.Release|x64.Build.0 = Release|Any CPU
		{11615E86-FF87-49CA-B7B9-B866CA4897C3}.Release|x86.ActiveCfg = Release|Any CPU
		{11615E86-FF87-49CA-B7B9-B866CA4897C3}.Release|x86.Build.0 = Release|Any CPU
		{A8F1CA4A-1999-4032-91B8-AC518EF83F5E}.Ad-Hoc|Any CPU.ActiveCfg = Release|Any CPU
		{A8F1CA4A-1999-4032-91B8-AC518EF83F5E}.Ad-Hoc|Any CPU.Build.0 = Release|Any CPU
		{A8F1CA4A-1999-4032-91B8-AC518EF83F5E}.Ad-Hoc|ARM.ActiveCfg = Release|Any CPU
		{A8F1CA4A-1999-4032-91B8-AC518EF83F5E}.Ad-Hoc|ARM.Build.0 = Release|Any CPU
		{A8F1CA4A-1999-4032-91B8-AC518EF83F5E}.Ad-Hoc|iPhone.ActiveCfg = Release|Any CPU
		{A8F1CA4A-1999-4032-91B8-AC518EF83F5E}.Ad-Hoc|iPhone.Build.0 = Release|Any CPU
		{A8F1CA4A-1999-4032-91B8-AC518EF83F5E}.Ad-Hoc|iPhoneSimulator.ActiveCfg = Release|Any CPU
		{A8F1CA4A-1999-4032-91B8-AC518EF83F5E}.Ad-Hoc|iPhoneSimulator.Build.0 = Release|Any CPU
		{A8F1CA4A-1999-4032-91B8-AC518EF83F5E}.Ad-Hoc|x64.ActiveCfg = Release|Any CPU
		{A8F1CA4A-1999-4032-91B8-AC518EF83F5E}.Ad-Hoc|x64.Build.0 = Release|Any CPU
		{A8F1CA4A-1999-4032-91B8-AC518EF83F5E}.Ad-Hoc|x86.ActiveCfg = Release|Any CPU
		{A8F1CA4A-1999-4032-91B8-AC518EF83F5E}.Ad-Hoc|x86.Build.0 = Release|Any CPU
		{A8F1CA4A-1999-4032-91B8-AC518EF83F5E}.AppStore|Any CPU.ActiveCfg = Release|Any CPU
		{A8F1CA4A-1999-4032-91B8-AC518EF83F5E}.AppStore|Any CPU.Build.0 = Release|Any CPU
		{A8F1CA4A-1999-4032-91B8-AC518EF83F5E}.AppStore|ARM.ActiveCfg = Release|Any CPU
		{A8F1CA4A-1999-4032-91B8-AC518EF83F5E}.AppStore|ARM.Build.0 = Release|Any CPU
		{A8F1CA4A-1999-4032-91B8-AC518EF83F5E}.AppStore|iPhone.ActiveCfg = Release|Any CPU
		{A8F1CA4A-1999-4032-91B8-AC518EF83F5E}.AppStore|iPhone.Build.0 = Release|Any CPU
		{A8F1CA4A-1999-4032-91B8-AC518EF83F5E}.AppStore|iPhoneSimulator.ActiveCfg = Release|Any CPU
		{A8F1CA4A-1999-4032-91B8-AC518EF83F5E}.AppStore|iPhoneSimulator.Build.0 = Release|Any CPU
		{A8F1CA4A-1999-4032-91B8-AC518EF83F5E}.AppStore|x64.ActiveCfg = Release|Any CPU
		{A8F1CA4A-1999-4032-91B8-AC518EF83F5E}.AppStore|x64.Build.0 = Release|Any CPU
		{A8F1CA4A-1999-4032-91B8-AC518EF83F5E}.AppStore|x86.ActiveCfg = Release|Any CPU
		{A8F1CA4A-1999-4032-91B8-AC518EF83F5E}.AppStore|x86.Build.0 = Release|Any CPU
		{A8F1CA4A-1999-4032-91B8-AC518EF83F5E}.Debug|Any CPU.ActiveCfg = Debug|Any CPU
		{A8F1CA4A-1999-4032-91B8-AC518EF83F5E}.Debug|Any CPU.Build.0 = Debug|Any CPU
		{A8F1CA4A-1999-4032-91B8-AC518EF83F5E}.Debug|ARM.ActiveCfg = Debug|Any CPU
		{A8F1CA4A-1999-4032-91B8-AC518EF83F5E}.Debug|ARM.Build.0 = Debug|Any CPU
		{A8F1CA4A-1999-4032-91B8-AC518EF83F5E}.Debug|iPhone.ActiveCfg = Debug|Any CPU
		{A8F1CA4A-1999-4032-91B8-AC518EF83F5E}.Debug|iPhone.Build.0 = Debug|Any CPU
		{A8F1CA4A-1999-4032-91B8-AC518EF83F5E}.Debug|iPhoneSimulator.ActiveCfg = Debug|Any CPU
		{A8F1CA4A-1999-4032-91B8-AC518EF83F5E}.Debug|iPhoneSimulator.Build.0 = Debug|Any CPU
		{A8F1CA4A-1999-4032-91B8-AC518EF83F5E}.Debug|x64.ActiveCfg = Debug|Any CPU
		{A8F1CA4A-1999-4032-91B8-AC518EF83F5E}.Debug|x64.Build.0 = Debug|Any CPU
		{A8F1CA4A-1999-4032-91B8-AC518EF83F5E}.Debug|x86.ActiveCfg = Debug|Any CPU
		{A8F1CA4A-1999-4032-91B8-AC518EF83F5E}.Debug|x86.Build.0 = Debug|Any CPU
		{A8F1CA4A-1999-4032-91B8-AC518EF83F5E}.Release|Any CPU.ActiveCfg = Release|Any CPU
		{A8F1CA4A-1999-4032-91B8-AC518EF83F5E}.Release|Any CPU.Build.0 = Release|Any CPU
		{A8F1CA4A-1999-4032-91B8-AC518EF83F5E}.Release|ARM.ActiveCfg = Release|Any CPU
		{A8F1CA4A-1999-4032-91B8-AC518EF83F5E}.Release|ARM.Build.0 = Release|Any CPU
		{A8F1CA4A-1999-4032-91B8-AC518EF83F5E}.Release|iPhone.ActiveCfg = Release|Any CPU
		{A8F1CA4A-1999-4032-91B8-AC518EF83F5E}.Release|iPhone.Build.0 = Release|Any CPU
		{A8F1CA4A-1999-4032-91B8-AC518EF83F5E}.Release|iPhoneSimulator.ActiveCfg = Release|Any CPU
		{A8F1CA4A-1999-4032-91B8-AC518EF83F5E}.Release|iPhoneSimulator.Build.0 = Release|Any CPU
		{A8F1CA4A-1999-4032-91B8-AC518EF83F5E}.Release|x64.ActiveCfg = Release|Any CPU
		{A8F1CA4A-1999-4032-91B8-AC518EF83F5E}.Release|x64.Build.0 = Release|Any CPU
		{A8F1CA4A-1999-4032-91B8-AC518EF83F5E}.Release|x86.ActiveCfg = Release|Any CPU
		{A8F1CA4A-1999-4032-91B8-AC518EF83F5E}.Release|x86.Build.0 = Release|Any CPU
		{2CE5B935-3DE9-41D3-98BD-4D9E12786F45}.Ad-Hoc|Any CPU.ActiveCfg = Release|Any CPU
		{2CE5B935-3DE9-41D3-98BD-4D9E12786F45}.Ad-Hoc|Any CPU.Build.0 = Release|Any CPU
		{2CE5B935-3DE9-41D3-98BD-4D9E12786F45}.Ad-Hoc|ARM.ActiveCfg = Release|Any CPU
		{2CE5B935-3DE9-41D3-98BD-4D9E12786F45}.Ad-Hoc|ARM.Build.0 = Release|Any CPU
		{2CE5B935-3DE9-41D3-98BD-4D9E12786F45}.Ad-Hoc|iPhone.ActiveCfg = Release|Any CPU
		{2CE5B935-3DE9-41D3-98BD-4D9E12786F45}.Ad-Hoc|iPhone.Build.0 = Release|Any CPU
		{2CE5B935-3DE9-41D3-98BD-4D9E12786F45}.Ad-Hoc|iPhoneSimulator.ActiveCfg = Release|Any CPU
		{2CE5B935-3DE9-41D3-98BD-4D9E12786F45}.Ad-Hoc|iPhoneSimulator.Build.0 = Release|Any CPU
		{2CE5B935-3DE9-41D3-98BD-4D9E12786F45}.Ad-Hoc|x64.ActiveCfg = Release|Any CPU
		{2CE5B935-3DE9-41D3-98BD-4D9E12786F45}.Ad-Hoc|x64.Build.0 = Release|Any CPU
		{2CE5B935-3DE9-41D3-98BD-4D9E12786F45}.Ad-Hoc|x86.ActiveCfg = Release|Any CPU
		{2CE5B935-3DE9-41D3-98BD-4D9E12786F45}.Ad-Hoc|x86.Build.0 = Release|Any CPU
		{2CE5B935-3DE9-41D3-98BD-4D9E12786F45}.AppStore|Any CPU.ActiveCfg = Release|Any CPU
		{2CE5B935-3DE9-41D3-98BD-4D9E12786F45}.AppStore|Any CPU.Build.0 = Release|Any CPU
		{2CE5B935-3DE9-41D3-98BD-4D9E12786F45}.AppStore|ARM.ActiveCfg = Release|Any CPU
		{2CE5B935-3DE9-41D3-98BD-4D9E12786F45}.AppStore|ARM.Build.0 = Release|Any CPU
		{2CE5B935-3DE9-41D3-98BD-4D9E12786F45}.AppStore|iPhone.ActiveCfg = Release|Any CPU
		{2CE5B935-3DE9-41D3-98BD-4D9E12786F45}.AppStore|iPhone.Build.0 = Release|Any CPU
		{2CE5B935-3DE9-41D3-98BD-4D9E12786F45}.AppStore|iPhoneSimulator.ActiveCfg = Release|Any CPU
		{2CE5B935-3DE9-41D3-98BD-4D9E12786F45}.AppStore|iPhoneSimulator.Build.0 = Release|Any CPU
		{2CE5B935-3DE9-41D3-98BD-4D9E12786F45}.AppStore|x64.ActiveCfg = Release|Any CPU
		{2CE5B935-3DE9-41D3-98BD-4D9E12786F45}.AppStore|x64.Build.0 = Release|Any CPU
		{2CE5B935-3DE9-41D3-98BD-4D9E12786F45}.AppStore|x86.ActiveCfg = Release|Any CPU
		{2CE5B935-3DE9-41D3-98BD-4D9E12786F45}.AppStore|x86.Build.0 = Release|Any CPU
		{2CE5B935-3DE9-41D3-98BD-4D9E12786F45}.Debug|Any CPU.ActiveCfg = Debug|Any CPU
		{2CE5B935-3DE9-41D3-98BD-4D9E12786F45}.Debug|Any CPU.Build.0 = Debug|Any CPU
		{2CE5B935-3DE9-41D3-98BD-4D9E12786F45}.Debug|ARM.ActiveCfg = Debug|Any CPU
		{2CE5B935-3DE9-41D3-98BD-4D9E12786F45}.Debug|ARM.Build.0 = Debug|Any CPU
		{2CE5B935-3DE9-41D3-98BD-4D9E12786F45}.Debug|iPhone.ActiveCfg = Debug|Any CPU
		{2CE5B935-3DE9-41D3-98BD-4D9E12786F45}.Debug|iPhone.Build.0 = Debug|Any CPU
		{2CE5B935-3DE9-41D3-98BD-4D9E12786F45}.Debug|iPhoneSimulator.ActiveCfg = Debug|Any CPU
		{2CE5B935-3DE9-41D3-98BD-4D9E12786F45}.Debug|iPhoneSimulator.Build.0 = Debug|Any CPU
		{2CE5B935-3DE9-41D3-98BD-4D9E12786F45}.Debug|x64.ActiveCfg = Debug|Any CPU
		{2CE5B935-3DE9-41D3-98BD-4D9E12786F45}.Debug|x64.Build.0 = Debug|Any CPU
		{2CE5B935-3DE9-41D3-98BD-4D9E12786F45}.Debug|x86.ActiveCfg = Debug|Any CPU
		{2CE5B935-3DE9-41D3-98BD-4D9E12786F45}.Debug|x86.Build.0 = Debug|Any CPU
		{2CE5B935-3DE9-41D3-98BD-4D9E12786F45}.Release|Any CPU.ActiveCfg = Release|Any CPU
		{2CE5B935-3DE9-41D3-98BD-4D9E12786F45}.Release|Any CPU.Build.0 = Release|Any CPU
		{2CE5B935-3DE9-41D3-98BD-4D9E12786F45}.Release|ARM.ActiveCfg = Release|Any CPU
		{2CE5B935-3DE9-41D3-98BD-4D9E12786F45}.Release|ARM.Build.0 = Release|Any CPU
		{2CE5B935-3DE9-41D3-98BD-4D9E12786F45}.Release|iPhone.ActiveCfg = Release|Any CPU
		{2CE5B935-3DE9-41D3-98BD-4D9E12786F45}.Release|iPhone.Build.0 = Release|Any CPU
		{2CE5B935-3DE9-41D3-98BD-4D9E12786F45}.Release|iPhoneSimulator.ActiveCfg = Release|Any CPU
		{2CE5B935-3DE9-41D3-98BD-4D9E12786F45}.Release|iPhoneSimulator.Build.0 = Release|Any CPU
		{2CE5B935-3DE9-41D3-98BD-4D9E12786F45}.Release|x64.ActiveCfg = Release|Any CPU
		{2CE5B935-3DE9-41D3-98BD-4D9E12786F45}.Release|x64.Build.0 = Release|Any CPU
		{2CE5B935-3DE9-41D3-98BD-4D9E12786F45}.Release|x86.ActiveCfg = Release|Any CPU
		{2CE5B935-3DE9-41D3-98BD-4D9E12786F45}.Release|x86.Build.0 = Release|Any CPU
		{DD893A2A-9D19-4045-8777-9BF2D4E886CF}.Ad-Hoc|Any CPU.ActiveCfg = Debug|Any CPU
		{DD893A2A-9D19-4045-8777-9BF2D4E886CF}.Ad-Hoc|Any CPU.Build.0 = Debug|Any CPU
		{DD893A2A-9D19-4045-8777-9BF2D4E886CF}.Ad-Hoc|ARM.ActiveCfg = Debug|Any CPU
		{DD893A2A-9D19-4045-8777-9BF2D4E886CF}.Ad-Hoc|ARM.Build.0 = Debug|Any CPU
		{DD893A2A-9D19-4045-8777-9BF2D4E886CF}.Ad-Hoc|iPhone.ActiveCfg = Debug|Any CPU
		{DD893A2A-9D19-4045-8777-9BF2D4E886CF}.Ad-Hoc|iPhone.Build.0 = Debug|Any CPU
		{DD893A2A-9D19-4045-8777-9BF2D4E886CF}.Ad-Hoc|iPhoneSimulator.ActiveCfg = Debug|Any CPU
		{DD893A2A-9D19-4045-8777-9BF2D4E886CF}.Ad-Hoc|iPhoneSimulator.Build.0 = Debug|Any CPU
		{DD893A2A-9D19-4045-8777-9BF2D4E886CF}.Ad-Hoc|x64.ActiveCfg = Debug|Any CPU
		{DD893A2A-9D19-4045-8777-9BF2D4E886CF}.Ad-Hoc|x64.Build.0 = Debug|Any CPU
		{DD893A2A-9D19-4045-8777-9BF2D4E886CF}.Ad-Hoc|x86.ActiveCfg = Debug|Any CPU
		{DD893A2A-9D19-4045-8777-9BF2D4E886CF}.Ad-Hoc|x86.Build.0 = Debug|Any CPU
		{DD893A2A-9D19-4045-8777-9BF2D4E886CF}.AppStore|Any CPU.ActiveCfg = Debug|Any CPU
		{DD893A2A-9D19-4045-8777-9BF2D4E886CF}.AppStore|Any CPU.Build.0 = Debug|Any CPU
		{DD893A2A-9D19-4045-8777-9BF2D4E886CF}.AppStore|ARM.ActiveCfg = Debug|Any CPU
		{DD893A2A-9D19-4045-8777-9BF2D4E886CF}.AppStore|ARM.Build.0 = Debug|Any CPU
		{DD893A2A-9D19-4045-8777-9BF2D4E886CF}.AppStore|iPhone.ActiveCfg = Debug|Any CPU
		{DD893A2A-9D19-4045-8777-9BF2D4E886CF}.AppStore|iPhone.Build.0 = Debug|Any CPU
		{DD893A2A-9D19-4045-8777-9BF2D4E886CF}.AppStore|iPhoneSimulator.ActiveCfg = Debug|Any CPU
		{DD893A2A-9D19-4045-8777-9BF2D4E886CF}.AppStore|iPhoneSimulator.Build.0 = Debug|Any CPU
		{DD893A2A-9D19-4045-8777-9BF2D4E886CF}.AppStore|x64.ActiveCfg = Debug|Any CPU
		{DD893A2A-9D19-4045-8777-9BF2D4E886CF}.AppStore|x64.Build.0 = Debug|Any CPU
		{DD893A2A-9D19-4045-8777-9BF2D4E886CF}.AppStore|x86.ActiveCfg = Debug|Any CPU
		{DD893A2A-9D19-4045-8777-9BF2D4E886CF}.AppStore|x86.Build.0 = Debug|Any CPU
		{DD893A2A-9D19-4045-8777-9BF2D4E886CF}.Debug|Any CPU.ActiveCfg = Debug|Any CPU
		{DD893A2A-9D19-4045-8777-9BF2D4E886CF}.Debug|Any CPU.Build.0 = Debug|Any CPU
		{DD893A2A-9D19-4045-8777-9BF2D4E886CF}.Debug|ARM.ActiveCfg = Debug|Any CPU
		{DD893A2A-9D19-4045-8777-9BF2D4E886CF}.Debug|ARM.Build.0 = Debug|Any CPU
		{DD893A2A-9D19-4045-8777-9BF2D4E886CF}.Debug|iPhone.ActiveCfg = Debug|Any CPU
		{DD893A2A-9D19-4045-8777-9BF2D4E886CF}.Debug|iPhone.Build.0 = Debug|Any CPU
		{DD893A2A-9D19-4045-8777-9BF2D4E886CF}.Debug|iPhoneSimulator.ActiveCfg = Debug|Any CPU
		{DD893A2A-9D19-4045-8777-9BF2D4E886CF}.Debug|iPhoneSimulator.Build.0 = Debug|Any CPU
		{DD893A2A-9D19-4045-8777-9BF2D4E886CF}.Debug|x64.ActiveCfg = Debug|Any CPU
		{DD893A2A-9D19-4045-8777-9BF2D4E886CF}.Debug|x64.Build.0 = Debug|Any CPU
		{DD893A2A-9D19-4045-8777-9BF2D4E886CF}.Debug|x86.ActiveCfg = Debug|Any CPU
		{DD893A2A-9D19-4045-8777-9BF2D4E886CF}.Debug|x86.Build.0 = Debug|Any CPU
		{DD893A2A-9D19-4045-8777-9BF2D4E886CF}.Release|Any CPU.ActiveCfg = Debug|Any CPU
		{DD893A2A-9D19-4045-8777-9BF2D4E886CF}.Release|Any CPU.Build.0 = Debug|Any CPU
		{DD893A2A-9D19-4045-8777-9BF2D4E886CF}.Release|ARM.ActiveCfg = Debug|Any CPU
		{DD893A2A-9D19-4045-8777-9BF2D4E886CF}.Release|ARM.Build.0 = Debug|Any CPU
		{DD893A2A-9D19-4045-8777-9BF2D4E886CF}.Release|iPhone.ActiveCfg = Debug|Any CPU
		{DD893A2A-9D19-4045-8777-9BF2D4E886CF}.Release|iPhone.Build.0 = Debug|Any CPU
		{DD893A2A-9D19-4045-8777-9BF2D4E886CF}.Release|iPhoneSimulator.ActiveCfg = Debug|Any CPU
		{DD893A2A-9D19-4045-8777-9BF2D4E886CF}.Release|iPhoneSimulator.Build.0 = Debug|Any CPU
		{DD893A2A-9D19-4045-8777-9BF2D4E886CF}.Release|x64.ActiveCfg = Debug|Any CPU
		{DD893A2A-9D19-4045-8777-9BF2D4E886CF}.Release|x64.Build.0 = Debug|Any CPU
		{DD893A2A-9D19-4045-8777-9BF2D4E886CF}.Release|x86.ActiveCfg = Debug|Any CPU
		{DD893A2A-9D19-4045-8777-9BF2D4E886CF}.Release|x86.Build.0 = Debug|Any CPU
	EndGlobalSection
	GlobalSection(SolutionProperties) = preSolution
		HideSolutionNode = FALSE
	EndGlobalSection
	GlobalSection(ExtensibilityGlobals) = postSolution
		SolutionGuid = {CDAE5182-4375-48EB-9BE8-9F4F65A8FE46}
	EndGlobalSection
EndGlobal
