
Microsoft Visual Studio Solution File, Format Version 12.00
# Visual Studio 15
VisualStudioVersion = 15.0.27130.2027
MinimumVisualStudioVersion = 10.0.40219.1
Project("{E24C65DC-7377-472B-9ABA-BC803B73C61A}") = "bookcollection", "bookcollection\", "{DD893A2A-9D19-4045-8777-9BF2D4E886CF}"
	ProjectSection(WebsiteProperties) = preProject
		TargetFrameworkMoniker = ".NETFramework,Version%3Dv4.0"
		Debug.AspNetCompiler.VirtualPath = "/localhost_57014"
		Debug.AspNetCompiler.PhysicalPath = "bookcollection\"
		Debug.AspNetCompiler.TargetPath = "PrecompiledWeb\localhost_57014\"
		Debug.AspNetCompiler.Updateable = "true"
		Debug.AspNetCompiler.ForceOverwrite = "true"
		Debug.AspNetCompiler.FixedNames = "false"
		Debug.AspNetCompiler.Debug = "True"
		Release.AspNetCompiler.VirtualPath = "/localhost_57014"
		Release.AspNetCompiler.PhysicalPath = "bookcollection\"
		Release.AspNetCompiler.TargetPath = "PrecompiledWeb\localhost_57014\"
		Release.AspNetCompiler.Updateable = "true"
		Release.AspNetCompiler.ForceOverwrite = "true"
		Release.AspNetCompiler.FixedNames = "false"
		Release.AspNetCompiler.Debug = "False"
		VWDPort = "57014"
		SlnRelativePath = "bookcollection\"
	EndProjectSection
EndProject
Project("{FAE04EC0-301F-11D3-BF4B-00C04F79EFBC}") = "BookCollection.Service", "BookCollection.Service\BookCollection.Service.csproj", "{E0E85F95-0A3F-4D8D-994F-3E626ACF0652}"
EndProject
Project("{FAE04EC0-301F-11D3-BF4B-00C04F79EFBC}") = "BookCollection.Core", "BookCollection.Core\BookCollection.Core.csproj", "{CE17605C-D4FA-4A16-8407-1BC8F1F2F862}"
EndProject
Project("{FAE04EC0-301F-11D3-BF4B-00C04F79EFBC}") = "BookCollection.Repository", "BookCollection.Repository\BookCollection.Repository.csproj", "{E7BF04C4-1099-451D-AACC-7E8593EC40EB}"
EndProject
Global
	GlobalSection(SolutionConfigurationPlatforms) = preSolution
		Ad-Hoc|Any CPU = Ad-Hoc|Any CPU
		Ad-Hoc|ARM = Ad-Hoc|ARM
		Ad-Hoc|iPhone = Ad-Hoc|iPhone
		Ad-Hoc|iPhoneSimulator = Ad-Hoc|iPhoneSimulator
		Ad-Hoc|x64 = Ad-Hoc|x64
		Ad-Hoc|x86 = Ad-Hoc|x86
		AppStore|Any CPU = AppStore|Any CPU
		AppStore|ARM = AppStore|ARM
		AppStore|iPhone = AppStore|iPhone
		AppStore|iPhoneSimulator = AppStore|iPhoneSimulator
		AppStore|x64 = AppStore|x64
		AppStore|x86 = AppStore|x86
		Debug|Any CPU = Debug|Any CPU
		Debug|ARM = Debug|ARM
		Debug|iPhone = Debug|iPhone
		Debug|iPhoneSimulator = Debug|iPhoneSimulator
		Debug|x64 = Debug|x64
		Debug|x86 = Debug|x86
		Release|Any CPU = Release|Any CPU
		Release|ARM = Release|ARM
		Release|iPhone = Release|iPhone
		Release|iPhoneSimulator = Release|iPhoneSimulator
		Release|x64 = Release|x64
		Release|x86 = Release|x86
	EndGlobalSection
	GlobalSection(ProjectConfigurationPlatforms) = postSolution
		{DD893A2A-9D19-4045-8777-9BF2D4E886CF}.Ad-Hoc|Any CPU.ActiveCfg = Debug|Any CPU
		{DD893A2A-9D19-4045-8777-9BF2D4E886CF}.Ad-Hoc|Any CPU.Build.0 = Debug|Any CPU
		{DD893A2A-9D19-4045-8777-9BF2D4E886CF}.Ad-Hoc|ARM.ActiveCfg = Debug|Any CPU
		{DD893A2A-9D19-4045-8777-9BF2D4E886CF}.Ad-Hoc|ARM.Build.0 = Debug|Any CPU
		{DD893A2A-9D19-4045-8777-9BF2D4E886CF}.Ad-Hoc|iPhone.ActiveCfg = Debug|Any CPU
		{DD893A2A-9D19-4045-8777-9BF2D4E886CF}.Ad-Hoc|iPhone.Build.0 = Debug|Any CPU
		{DD893A2A-9D19-4045-8777-9BF2D4E886CF}.Ad-Hoc|iPhoneSimulator.ActiveCfg = Debug|Any CPU
		{DD893A2A-9D19-4045-8777-9BF2D4E886CF}.Ad-Hoc|iPhoneSimulator.Build.0 = Debug|Any CPU
		{DD893A2A-9D19-4045-8777-9BF2D4E886CF}.Ad-Hoc|x64.ActiveCfg = Debug|Any CPU
		{DD893A2A-9D19-4045-8777-9BF2D4E886CF}.Ad-Hoc|x64.Build.0 = Debug|Any CPU
		{DD893A2A-9D19-4045-8777-9BF2D4E886CF}.Ad-Hoc|x86.ActiveCfg = Debug|Any CPU
		{DD893A2A-9D19-4045-8777-9BF2D4E886CF}.Ad-Hoc|x86.Build.0 = Debug|Any CPU
		{DD893A2A-9D19-4045-8777-9BF2D4E886CF}.AppStore|Any CPU.ActiveCfg = Debug|Any CPU
		{DD893A2A-9D19-4045-8777-9BF2D4E886CF}.AppStore|Any CPU.Build.0 = Debug|Any CPU
		{DD893A2A-9D19-4045-8777-9BF2D4E886CF}.AppStore|ARM.ActiveCfg = Debug|Any CPU
		{DD893A2A-9D19-4045-8777-9BF2D4E886CF}.AppStore|ARM.Build.0 = Debug|Any CPU
		{DD893A2A-9D19-4045-8777-9BF2D4E886CF}.AppStore|iPhone.ActiveCfg = Debug|Any CPU
		{DD893A2A-9D19-4045-8777-9BF2D4E886CF}.AppStore|iPhone.Build.0 = Debug|Any CPU
		{DD893A2A-9D19-4045-8777-9BF2D4E886CF}.AppStore|iPhoneSimulator.ActiveCfg = Debug|Any CPU
		{DD893A2A-9D19-4045-8777-9BF2D4E886CF}.AppStore|iPhoneSimulator.Build.0 = Debug|Any CPU
		{DD893A2A-9D19-4045-8777-9BF2D4E886CF}.AppStore|x64.ActiveCfg = Debug|Any CPU
		{DD893A2A-9D19-4045-8777-9BF2D4E886CF}.AppStore|x64.Build.0 = Debug|Any CPU
		{DD893A2A-9D19-4045-8777-9BF2D4E886CF}.AppStore|x86.ActiveCfg = Debug|Any CPU
		{DD893A2A-9D19-4045-8777-9BF2D4E886CF}.AppStore|x86.Build.0 = Debug|Any CPU
		{DD893A2A-9D19-4045-8777-9BF2D4E886CF}.Debug|Any CPU.ActiveCfg = Debug|Any CPU
		{DD893A2A-9D19-4045-8777-9BF2D4E886CF}.Debug|Any CPU.Build.0 = Debug|Any CPU
		{DD893A2A-9D19-4045-8777-9BF2D4E886CF}.Debug|ARM.ActiveCfg = Debug|Any CPU
		{DD893A2A-9D19-4045-8777-9BF2D4E886CF}.Debug|ARM.Build.0 = Debug|Any CPU
		{DD893A2A-9D19-4045-8777-9BF2D4E886CF}.Debug|iPhone.ActiveCfg = Debug|Any CPU
		{DD893A2A-9D19-4045-8777-9BF2D4E886CF}.Debug|iPhone.Build.0 = Debug|Any CPU
		{DD893A2A-9D19-4045-8777-9BF2D4E886CF}.Debug|iPhoneSimulator.ActiveCfg = Debug|Any CPU
		{DD893A2A-9D19-4045-8777-9BF2D4E886CF}.Debug|iPhoneSimulator.Build.0 = Debug|Any CPU
		{DD893A2A-9D19-4045-8777-9BF2D4E886CF}.Debug|x64.ActiveCfg = Debug|Any CPU
		{DD893A2A-9D19-4045-8777-9BF2D4E886CF}.Debug|x64.Build.0 = Debug|Any CPU
		{DD893A2A-9D19-4045-8777-9BF2D4E886CF}.Debug|x86.ActiveCfg = Debug|Any CPU
		{DD893A2A-9D19-4045-8777-9BF2D4E886CF}.Debug|x86.Build.0 = Debug|Any CPU
		{DD893A2A-9D19-4045-8777-9BF2D4E886CF}.Release|Any CPU.ActiveCfg = Debug|Any CPU
		{DD893A2A-9D19-4045-8777-9BF2D4E886CF}.Release|Any CPU.Build.0 = Debug|Any CPU
		{DD893A2A-9D19-4045-8777-9BF2D4E886CF}.Release|ARM.ActiveCfg = Debug|Any CPU
		{DD893A2A-9D19-4045-8777-9BF2D4E886CF}.Release|ARM.Build.0 = Debug|Any CPU
		{DD893A2A-9D19-4045-8777-9BF2D4E886CF}.Release|iPhone.ActiveCfg = Debug|Any CPU
		{DD893A2A-9D19-4045-8777-9BF2D4E886CF}.Release|iPhone.Build.0 = Debug|Any CPU
		{DD893A2A-9D19-4045-8777-9BF2D4E886CF}.Release|iPhoneSimulator.ActiveCfg = Debug|Any CPU
		{DD893A2A-9D19-4045-8777-9BF2D4E886CF}.Release|iPhoneSimulator.Build.0 = Debug|Any CPU
		{DD893A2A-9D19-4045-8777-9BF2D4E886CF}.Release|x64.ActiveCfg = Debug|Any CPU
		{DD893A2A-9D19-4045-8777-9BF2D4E886CF}.Release|x64.Build.0 = Debug|Any CPU
		{DD893A2A-9D19-4045-8777-9BF2D4E886CF}.Release|x86.ActiveCfg = Debug|Any CPU
		{DD893A2A-9D19-4045-8777-9BF2D4E886CF}.Release|x86.Build.0 = Debug|Any CPU
		{E0E85F95-0A3F-4D8D-994F-3E626ACF0652}.Ad-Hoc|Any CPU.ActiveCfg = Debug|Any CPU
		{E0E85F95-0A3F-4D8D-994F-3E626ACF0652}.Ad-Hoc|Any CPU.Build.0 = Debug|Any CPU
		{E0E85F95-0A3F-4D8D-994F-3E626ACF0652}.Ad-Hoc|ARM.ActiveCfg = Debug|Any CPU
		{E0E85F95-0A3F-4D8D-994F-3E626ACF0652}.Ad-Hoc|ARM.Build.0 = Debug|Any CPU
		{E0E85F95-0A3F-4D8D-994F-3E626ACF0652}.Ad-Hoc|iPhone.ActiveCfg = Debug|Any CPU
		{E0E85F95-0A3F-4D8D-994F-3E626ACF0652}.Ad-Hoc|iPhone.Build.0 = Debug|Any CPU
		{E0E85F95-0A3F-4D8D-994F-3E626ACF0652}.Ad-Hoc|iPhoneSimulator.ActiveCfg = Debug|Any CPU
		{E0E85F95-0A3F-4D8D-994F-3E626ACF0652}.Ad-Hoc|iPhoneSimulator.Build.0 = Debug|Any CPU
		{E0E85F95-0A3F-4D8D-994F-3E626ACF0652}.Ad-Hoc|x64.ActiveCfg = Debug|Any CPU
		{E0E85F95-0A3F-4D8D-994F-3E626ACF0652}.Ad-Hoc|x64.Build.0 = Debug|Any CPU
		{E0E85F95-0A3F-4D8D-994F-3E626ACF0652}.Ad-Hoc|x86.ActiveCfg = Debug|Any CPU
		{E0E85F95-0A3F-4D8D-994F-3E626ACF0652}.Ad-Hoc|x86.Build.0 = Debug|Any CPU
		{E0E85F95-0A3F-4D8D-994F-3E626ACF0652}.AppStore|Any CPU.ActiveCfg = Debug|Any CPU
		{E0E85F95-0A3F-4D8D-994F-3E626ACF0652}.AppStore|Any CPU.Build.0 = Debug|Any CPU
		{E0E85F95-0A3F-4D8D-994F-3E626ACF0652}.AppStore|ARM.ActiveCfg = Debug|Any CPU
		{E0E85F95-0A3F-4D8D-994F-3E626ACF0652}.AppStore|ARM.Build.0 = Debug|Any CPU
		{E0E85F95-0A3F-4D8D-994F-3E626ACF0652}.AppStore|iPhone.ActiveCfg = Debug|Any CPU
		{E0E85F95-0A3F-4D8D-994F-3E626ACF0652}.AppStore|iPhone.Build.0 = Debug|Any CPU
		{E0E85F95-0A3F-4D8D-994F-3E626ACF0652}.AppStore|iPhoneSimulator.ActiveCfg = Debug|Any CPU
		{E0E85F95-0A3F-4D8D-994F-3E626ACF0652}.AppStore|iPhoneSimulator.Build.0 = Debug|Any CPU
		{E0E85F95-0A3F-4D8D-994F-3E626ACF0652}.AppStore|x64.ActiveCfg = Debug|Any CPU
		{E0E85F95-0A3F-4D8D-994F-3E626ACF0652}.AppStore|x64.Build.0 = Debug|Any CPU
		{E0E85F95-0A3F-4D8D-994F-3E626ACF0652}.AppStore|x86.ActiveCfg = Debug|Any CPU
		{E0E85F95-0A3F-4D8D-994F-3E626ACF0652}.AppStore|x86.Build.0 = Debug|Any CPU
		{E0E85F95-0A3F-4D8D-994F-3E626ACF0652}.Debug|Any CPU.ActiveCfg = Debug|Any CPU
		{E0E85F95-0A3F-4D8D-994F-3E626ACF0652}.Debug|Any CPU.Build.0 = Debug|Any CPU
		{E0E85F95-0A3F-4D8D-994F-3E626ACF0652}.Debug|ARM.ActiveCfg = Debug|Any CPU
		{E0E85F95-0A3F-4D8D-994F-3E626ACF0652}.Debug|ARM.Build.0 = Debug|Any CPU
		{E0E85F95-0A3F-4D8D-994F-3E626ACF0652}.Debug|iPhone.ActiveCfg = Debug|Any CPU
		{E0E85F95-0A3F-4D8D-994F-3E626ACF0652}.Debug|iPhone.Build.0 = Debug|Any CPU
		{E0E85F95-0A3F-4D8D-994F-3E626ACF0652}.Debug|iPhoneSimulator.ActiveCfg = Debug|Any CPU
		{E0E85F95-0A3F-4D8D-994F-3E626ACF0652}.Debug|iPhoneSimulator.Build.0 = Debug|Any CPU
		{E0E85F95-0A3F-4D8D-994F-3E626ACF0652}.Debug|x64.ActiveCfg = Debug|Any CPU
		{E0E85F95-0A3F-4D8D-994F-3E626ACF0652}.Debug|x64.Build.0 = Debug|Any CPU
		{E0E85F95-0A3F-4D8D-994F-3E626ACF0652}.Debug|x86.ActiveCfg = Debug|Any CPU
		{E0E85F95-0A3F-4D8D-994F-3E626ACF0652}.Debug|x86.Build.0 = Debug|Any CPU
		{E0E85F95-0A3F-4D8D-994F-3E626ACF0652}.Release|Any CPU.ActiveCfg = Release|Any CPU
		{E0E85F95-0A3F-4D8D-994F-3E626ACF0652}.Release|Any CPU.Build.0 = Release|Any CPU
		{E0E85F95-0A3F-4D8D-994F-3E626ACF0652}.Release|ARM.ActiveCfg = Release|Any CPU
		{E0E85F95-0A3F-4D8D-994F-3E626ACF0652}.Release|ARM.Build.0 = Release|Any CPU
		{E0E85F95-0A3F-4D8D-994F-3E626ACF0652}.Release|iPhone.ActiveCfg = Release|Any CPU
		{E0E85F95-0A3F-4D8D-994F-3E626ACF0652}.Release|iPhone.Build.0 = Release|Any CPU
		{E0E85F95-0A3F-4D8D-994F-3E626ACF0652}.Release|iPhoneSimulator.ActiveCfg = Release|Any CPU
		{E0E85F95-0A3F-4D8D-994F-3E626ACF0652}.Release|iPhoneSimulator.Build.0 = Release|Any CPU
		{E0E85F95-0A3F-4D8D-994F-3E626ACF0652}.Release|x64.ActiveCfg = Release|Any CPU
		{E0E85F95-0A3F-4D8D-994F-3E626ACF0652}.Release|x64.Build.0 = Release|Any CPU
		{E0E85F95-0A3F-4D8D-994F-3E626ACF0652}.Release|x86.ActiveCfg = Release|Any CPU
		{E0E85F95-0A3F-4D8D-994F-3E626ACF0652}.Release|x86.Build.0 = Release|Any CPU
		{CE17605C-D4FA-4A16-8407-1BC8F1F2F862}.Ad-Hoc|Any CPU.ActiveCfg = Debug|Any CPU
		{CE17605C-D4FA-4A16-8407-1BC8F1F2F862}.Ad-Hoc|Any CPU.Build.0 = Debug|Any CPU
		{CE17605C-D4FA-4A16-8407-1BC8F1F2F862}.Ad-Hoc|ARM.ActiveCfg = Debug|Any CPU
		{CE17605C-D4FA-4A16-8407-1BC8F1F2F862}.Ad-Hoc|ARM.Build.0 = Debug|Any CPU
		{CE17605C-D4FA-4A16-8407-1BC8F1F2F862}.Ad-Hoc|iPhone.ActiveCfg = Debug|Any CPU
		{CE17605C-D4FA-4A16-8407-1BC8F1F2F862}.Ad-Hoc|iPhone.Build.0 = Debug|Any CPU
		{CE17605C-D4FA-4A16-8407-1BC8F1F2F862}.Ad-Hoc|iPhoneSimulator.ActiveCfg = Debug|Any CPU
		{CE17605C-D4FA-4A16-8407-1BC8F1F2F862}.Ad-Hoc|iPhoneSimulator.Build.0 = Debug|Any CPU
		{CE17605C-D4FA-4A16-8407-1BC8F1F2F862}.Ad-Hoc|x64.ActiveCfg = Debug|Any CPU
		{CE17605C-D4FA-4A16-8407-1BC8F1F2F862}.Ad-Hoc|x64.Build.0 = Debug|Any CPU
		{CE17605C-D4FA-4A16-8407-1BC8F1F2F862}.Ad-Hoc|x86.ActiveCfg = Debug|Any CPU
		{CE17605C-D4FA-4A16-8407-1BC8F1F2F862}.Ad-Hoc|x86.Build.0 = Debug|Any CPU
		{CE17605C-D4FA-4A16-8407-1BC8F1F2F862}.AppStore|Any CPU.ActiveCfg = Debug|Any CPU
		{CE17605C-D4FA-4A16-8407-1BC8F1F2F862}.AppStore|Any CPU.Build.0 = Debug|Any CPU
		{CE17605C-D4FA-4A16-8407-1BC8F1F2F862}.AppStore|ARM.ActiveCfg = Debug|Any CPU
		{CE17605C-D4FA-4A16-8407-1BC8F1F2F862}.AppStore|ARM.Build.0 = Debug|Any CPU
		{CE17605C-D4FA-4A16-8407-1BC8F1F2F862}.AppStore|iPhone.ActiveCfg = Debug|Any CPU
		{CE17605C-D4FA-4A16-8407-1BC8F1F2F862}.AppStore|iPhone.Build.0 = Debug|Any CPU
		{CE17605C-D4FA-4A16-8407-1BC8F1F2F862}.AppStore|iPhoneSimulator.ActiveCfg = Debug|Any CPU
		{CE17605C-D4FA-4A16-8407-1BC8F1F2F862}.AppStore|iPhoneSimulator.Build.0 = Debug|Any CPU
		{CE17605C-D4FA-4A16-8407-1BC8F1F2F862}.AppStore|x64.ActiveCfg = Debug|Any CPU
		{CE17605C-D4FA-4A16-8407-1BC8F1F2F862}.AppStore|x64.Build.0 = Debug|Any CPU
		{CE17605C-D4FA-4A16-8407-1BC8F1F2F862}.AppStore|x86.ActiveCfg = Debug|Any CPU
		{CE17605C-D4FA-4A16-8407-1BC8F1F2F862}.AppStore|x86.Build.0 = Debug|Any CPU
		{CE17605C-D4FA-4A16-8407-1BC8F1F2F862}.Debug|Any CPU.ActiveCfg = Debug|Any CPU
		{CE17605C-D4FA-4A16-8407-1BC8F1F2F862}.Debug|Any CPU.Build.0 = Debug|Any CPU
		{CE17605C-D4FA-4A16-8407-1BC8F1F2F862}.Debug|ARM.ActiveCfg = Debug|Any CPU
		{CE17605C-D4FA-4A16-8407-1BC8F1F2F862}.Debug|ARM.Build.0 = Debug|Any CPU
		{CE17605C-D4FA-4A16-8407-1BC8F1F2F862}.Debug|iPhone.ActiveCfg = Debug|Any CPU
		{CE17605C-D4FA-4A16-8407-1BC8F1F2F862}.Debug|iPhone.Build.0 = Debug|Any CPU
		{CE17605C-D4FA-4A16-8407-1BC8F1F2F862}.Debug|iPhoneSimulator.ActiveCfg = Debug|Any CPU
		{CE17605C-D4FA-4A16-8407-1BC8F1F2F862}.Debug|iPhoneSimulator.Build.0 = Debug|Any CPU
		{CE17605C-D4FA-4A16-8407-1BC8F1F2F862}.Debug|x64.ActiveCfg = Debug|Any CPU
		{CE17605C-D4FA-4A16-8407-1BC8F1F2F862}.Debug|x64.Build.0 = Debug|Any CPU
		{CE17605C-D4FA-4A16-8407-1BC8F1F2F862}.Debug|x86.ActiveCfg = Debug|Any CPU
		{CE17605C-D4FA-4A16-8407-1BC8F1F2F862}.Debug|x86.Build.0 = Debug|Any CPU
		{CE17605C-D4FA-4A16-8407-1BC8F1F2F862}.Release|Any CPU.ActiveCfg = Release|Any CPU
		{CE17605C-D4FA-4A16-8407-1BC8F1F2F862}.Release|Any CPU.Build.0 = Release|Any CPU
		{CE17605C-D4FA-4A16-8407-1BC8F1F2F862}.Release|ARM.ActiveCfg = Release|Any CPU
		{CE17605C-D4FA-4A16-8407-1BC8F1F2F862}.Release|ARM.Build.0 = Release|Any CPU
		{CE17605C-D4FA-4A16-8407-1BC8F1F2F862}.Release|iPhone.ActiveCfg = Release|Any CPU
		{CE17605C-D4FA-4A16-8407-1BC8F1F2F862}.Release|iPhone.Build.0 = Release|Any CPU
		{CE17605C-D4FA-4A16-8407-1BC8F1F2F862}.Release|iPhoneSimulator.ActiveCfg = Release|Any CPU
		{CE17605C-D4FA-4A16-8407-1BC8F1F2F862}.Release|iPhoneSimulator.Build.0 = Release|Any CPU
		{CE17605C-D4FA-4A16-8407-1BC8F1F2F862}.Release|x64.ActiveCfg = Release|Any CPU
		{CE17605C-D4FA-4A16-8407-1BC8F1F2F862}.Release|x64.Build.0 = Release|Any CPU
		{CE17605C-D4FA-4A16-8407-1BC8F1F2F862}.Release|x86.ActiveCfg = Release|Any CPU
		{CE17605C-D4FA-4A16-8407-1BC8F1F2F862}.Release|x86.Build.0 = Release|Any CPU
		{E7BF04C4-1099-451D-AACC-7E8593EC40EB}.Ad-Hoc|Any CPU.ActiveCfg = Debug|Any CPU
		{E7BF04C4-1099-451D-AACC-7E8593EC40EB}.Ad-Hoc|Any CPU.Build.0 = Debug|Any CPU
		{E7BF04C4-1099-451D-AACC-7E8593EC40EB}.Ad-Hoc|ARM.ActiveCfg = Debug|Any CPU
		{E7BF04C4-1099-451D-AACC-7E8593EC40EB}.Ad-Hoc|ARM.Build.0 = Debug|Any CPU
		{E7BF04C4-1099-451D-AACC-7E8593EC40EB}.Ad-Hoc|iPhone.ActiveCfg = Debug|Any CPU
		{E7BF04C4-1099-451D-AACC-7E8593EC40EB}.Ad-Hoc|iPhone.Build.0 = Debug|Any CPU
		{E7BF04C4-1099-451D-AACC-7E8593EC40EB}.Ad-Hoc|iPhoneSimulator.ActiveCfg = Debug|Any CPU
		{E7BF04C4-1099-451D-AACC-7E8593EC40EB}.Ad-Hoc|iPhoneSimulator.Build.0 = Debug|Any CPU
		{E7BF04C4-1099-451D-AACC-7E8593EC40EB}.Ad-Hoc|x64.ActiveCfg = Debug|Any CPU
		{E7BF04C4-1099-451D-AACC-7E8593EC40EB}.Ad-Hoc|x64.Build.0 = Debug|Any CPU
		{E7BF04C4-1099-451D-AACC-7E8593EC40EB}.Ad-Hoc|x86.ActiveCfg = Debug|Any CPU
		{E7BF04C4-1099-451D-AACC-7E8593EC40EB}.Ad-Hoc|x86.Build.0 = Debug|Any CPU
		{E7BF04C4-1099-451D-AACC-7E8593EC40EB}.AppStore|Any CPU.ActiveCfg = Debug|Any CPU
		{E7BF04C4-1099-451D-AACC-7E8593EC40EB}.AppStore|Any CPU.Build.0 = Debug|Any CPU
		{E7BF04C4-1099-451D-AACC-7E8593EC40EB}.AppStore|ARM.ActiveCfg = Debug|Any CPU
		{E7BF04C4-1099-451D-AACC-7E8593EC40EB}.AppStore|ARM.Build.0 = Debug|Any CPU
		{E7BF04C4-1099-451D-AACC-7E8593EC40EB}.AppStore|iPhone.ActiveCfg = Debug|Any CPU
		{E7BF04C4-1099-451D-AACC-7E8593EC40EB}.AppStore|iPhone.Build.0 = Debug|Any CPU
		{E7BF04C4-1099-451D-AACC-7E8593EC40EB}.AppStore|iPhoneSimulator.ActiveCfg = Debug|Any CPU
		{E7BF04C4-1099-451D-AACC-7E8593EC40EB}.AppStore|iPhoneSimulator.Build.0 = Debug|Any CPU
		{E7BF04C4-1099-451D-AACC-7E8593EC40EB}.AppStore|x64.ActiveCfg = Debug|Any CPU
		{E7BF04C4-1099-451D-AACC-7E8593EC40EB}.AppStore|x64.Build.0 = Debug|Any CPU
		{E7BF04C4-1099-451D-AACC-7E8593EC40EB}.AppStore|x86.ActiveCfg = Debug|Any CPU
		{E7BF04C4-1099-451D-AACC-7E8593EC40EB}.AppStore|x86.Build.0 = Debug|Any CPU
		{E7BF04C4-1099-451D-AACC-7E8593EC40EB}.Debug|Any CPU.ActiveCfg = Debug|Any CPU
		{E7BF04C4-1099-451D-AACC-7E8593EC40EB}.Debug|Any CPU.Build.0 = Debug|Any CPU
		{E7BF04C4-1099-451D-AACC-7E8593EC40EB}.Debug|ARM.ActiveCfg = Debug|Any CPU
		{E7BF04C4-1099-451D-AACC-7E8593EC40EB}.Debug|ARM.Build.0 = Debug|Any CPU
		{E7BF04C4-1099-451D-AACC-7E8593EC40EB}.Debug|iPhone.ActiveCfg = Debug|Any CPU
		{E7BF04C4-1099-451D-AACC-7E8593EC40EB}.Debug|iPhone.Build.0 = Debug|Any CPU
		{E7BF04C4-1099-451D-AACC-7E8593EC40EB}.Debug|iPhoneSimulator.ActiveCfg = Debug|Any CPU
		{E7BF04C4-1099-451D-AACC-7E8593EC40EB}.Debug|iPhoneSimulator.Build.0 = Debug|Any CPU
		{E7BF04C4-1099-451D-AACC-7E8593EC40EB}.Debug|x64.ActiveCfg = Debug|Any CPU
		{E7BF04C4-1099-451D-AACC-7E8593EC40EB}.Debug|x64.Build.0 = Debug|Any CPU
		{E7BF04C4-1099-451D-AACC-7E8593EC40EB}.Debug|x86.ActiveCfg = Debug|Any CPU
		{E7BF04C4-1099-451D-AACC-7E8593EC40EB}.Debug|x86.Build.0 = Debug|Any CPU
		{E7BF04C4-1099-451D-AACC-7E8593EC40EB}.Release|Any CPU.ActiveCfg = Release|Any CPU
		{E7BF04C4-1099-451D-AACC-7E8593EC40EB}.Release|Any CPU.Build.0 = Release|Any CPU
		{E7BF04C4-1099-451D-AACC-7E8593EC40EB}.Release|ARM.ActiveCfg = Release|Any CPU
		{E7BF04C4-1099-451D-AACC-7E8593EC40EB}.Release|ARM.Build.0 = Release|Any CPU
		{E7BF04C4-1099-451D-AACC-7E8593EC40EB}.Release|iPhone.ActiveCfg = Release|Any CPU
		{E7BF04C4-1099-451D-AACC-7E8593EC40EB}.Release|iPhone.Build.0 = Release|Any CPU
		{E7BF04C4-1099-451D-AACC-7E8593EC40EB}.Release|iPhoneSimulator.ActiveCfg = Release|Any CPU
		{E7BF04C4-1099-451D-AACC-7E8593EC40EB}.Release|iPhoneSimulator.Build.0 = Release|Any CPU
		{E7BF04C4-1099-451D-AACC-7E8593EC40EB}.Release|x64.ActiveCfg = Release|Any CPU
		{E7BF04C4-1099-451D-AACC-7E8593EC40EB}.Release|x64.Build.0 = Release|Any CPU
		{E7BF04C4-1099-451D-AACC-7E8593EC40EB}.Release|x86.ActiveCfg = Release|Any CPU
		{E7BF04C4-1099-451D-AACC-7E8593EC40EB}.Release|x86.Build.0 = Release|Any CPU
	EndGlobalSection
	GlobalSection(SolutionProperties) = preSolution
		HideSolutionNode = FALSE
	EndGlobalSection
	GlobalSection(ExtensibilityGlobals) = postSolution
		SolutionGuid = {CDAE5182-4375-48EB-9BE8-9F4F65A8FE46}
	EndGlobalSection
EndGlobal
